
Microsoft Visual Studio Solution File, Format Version 12.00
# Visual Studio 15
VisualStudioVersion = 15.0.27130.2027
MinimumVisualStudioVersion = 10.0.40219.1
Project("{FAE04EC0-301F-11D3-BF4B-00C04F79EFBC}") = "EnumCollections", "EnumCollections\EnumCollections.csproj", "{DD8D94BB-00A3-497C-B135-E940732DDF44}"
EndProject
Project("{FAE04EC0-301F-11D3-BF4B-00C04F79EFBC}") = "EnumCollections.Tests", "EnumCollections.Tests\EnumCollections.Tests.csproj", "{287114B1-7642-429E-B3CC-58693F465D16}"
	ProjectSection(ProjectDependencies) = postProject
		{DD8D94BB-00A3-497C-B135-E940732DDF44} = {DD8D94BB-00A3-497C-B135-E940732DDF44}
	EndProjectSection
EndProject
Global
	GlobalSection(SolutionConfigurationPlatforms) = preSolution
		Debug|Any CPU = Debug|Any CPU
		Release|Any CPU = Release|Any CPU
	EndGlobalSection
	GlobalSection(ProjectConfigurationPlatforms) = postSolution
		{DD8D94BB-00A3-497C-B135-E940732DDF44}.Debug|Any CPU.ActiveCfg = Debug|Any CPU
		{DD8D94BB-00A3-497C-B135-E940732DDF44}.Debug|Any CPU.Build.0 = Debug|Any CPU
		{DD8D94BB-00A3-497C-B135-E940732DDF44}.Release|Any CPU.ActiveCfg = Release|Any CPU
		{DD8D94BB-00A3-497C-B135-E940732DDF44}.Release|Any CPU.Build.0 = Release|Any CPU
		{287114B1-7642-429E-B3CC-58693F465D16}.Debug|Any CPU.ActiveCfg = Debug|Any CPU
		{287114B1-7642-429E-B3CC-58693F465D16}.Debug|Any CPU.Build.0 = Debug|Any CPU
		{287114B1-7642-429E-B3CC-58693F465D16}.Release|Any CPU.ActiveCfg = Release|Any CPU
		{287114B1-7642-429E-B3CC-58693F465D16}.Release|Any CPU.Build.0 = Release|Any CPU
	EndGlobalSection
	GlobalSection(SolutionProperties) = preSolution
		HideSolutionNode = FALSE
	EndGlobalSection
	GlobalSection(ExtensibilityGlobals) = postSolution
		SolutionGuid = {F57E800B-81D4-49FD-BB54-9C5BB7A68866}
	EndGlobalSection
EndGlobal
